
Microsoft Visual Studio Solution File, Format Version 12.00
# Visual Studio Version 17
VisualStudioVersion = 17.7.34202.233
MinimumVisualStudioVersion = 10.0.40219.1
Project("{FAE04EC0-301F-11D3-BF4B-00C04F79EFBC}") = "DataProcessingApp", "DataProcessingApp\DataProcessingApp.csproj", "{A7E43DF8-4C29-4584-AD63-D0FE895F28C3}"
EndProject
Global
	GlobalSection(SolutionConfigurationPlatforms) = preSolution
		Debug|Any CPU = Debug|Any CPU
		Release|Any CPU = Release|Any CPU
	EndGlobalSection
	GlobalSection(ProjectConfigurationPlatforms) = postSolution
		{A7E43DF8-4C29-4584-AD63-D0FE895F28C3}.Debug|Any CPU.ActiveCfg = Debug|Any CPU
		{A7E43DF8-4C29-4584-AD63-D0FE895F28C3}.Debug|Any CPU.Build.0 = Debug|Any CPU
		{A7E43DF8-4C29-4584-AD63-D0FE895F28C3}.Release|Any CPU.ActiveCfg = Release|Any CPU
		{A7E43DF8-4C29-4584-AD63-D0FE895F28C3}.Release|Any CPU.Build.0 = Release|Any CPU
	EndGlobalSection
	GlobalSection(SolutionProperties) = preSolution
		HideSolutionNode = FALSE
	EndGlobalSection
	GlobalSection(ExtensibilityGlobals) = postSolution
		SolutionGuid = {734591A1-BB8F-4F69-877D-ACFC959B5613}
	EndGlobalSection
EndGlobal
